
Microsoft Visual Studio Solution File, Format Version 12.00
# Visual Studio Version 16
VisualStudioVersion = 16.0.31624.102
MinimumVisualStudioVersion = 10.0.40219.1
Project("{9A19103F-16F7-4668-BE54-9A1E7A4F7556}") = "Api", "Api\Api.csproj", "{245447A1-6846-4BAF-9674-4B42E67ECDA7}"
EndProject
Project("{2150E333-8FDC-42A3-9474-1A3956D46DE8}") = "NewFolder1", "NewFolder1", "{27D061A2-D89E-4F04-9CF9-A01727B5CA86}"
EndProject
Global
	GlobalSection(SolutionConfigurationPlatforms) = preSolution
		Debug|Any CPU = Debug|Any CPU
		Release|Any CPU = Release|Any CPU
	EndGlobalSection
	GlobalSection(ProjectConfigurationPlatforms) = postSolution
		{245447A1-6846-4BAF-9674-4B42E67ECDA7}.Debug|Any CPU.ActiveCfg = Debug|Any CPU
		{245447A1-6846-4BAF-9674-4B42E67ECDA7}.Debug|Any CPU.Build.0 = Debug|Any CPU
		{245447A1-6846-4BAF-9674-4B42E67ECDA7}.Release|Any CPU.ActiveCfg = Release|Any CPU
		{245447A1-6846-4BAF-9674-4B42E67ECDA7}.Release|Any CPU.Build.0 = Release|Any CPU
	EndGlobalSection
	GlobalSection(SolutionProperties) = preSolution
		HideSolutionNode = FALSE
	EndGlobalSection
	GlobalSection(ExtensibilityGlobals) = postSolution
		SolutionGuid = {CBCC74EE-686A-447A-BFC6-737598ED52B8}
	EndGlobalSection
EndGlobal
